# THIS IS AN AUTOGENERATED FILE. DO NOT EDIT THIS FILE DIRECTLY.
# yarn lockfile v1


"@37signals/lexxy@^0.9.15-alpha.4":
  version "0.9.15-alpha.4"
  resolved "https://registry.yarnpkg.com/@37signals/lexxy/-/lexxy-0.9.15-alpha.4.tgz#2ea51c5ba1cfb7387952870756aa80ff9cd6513c"
  integrity sha512-QnYH+Vi3+gP/Dx3zx9ERFs55h5KUV1cltlgWAt1gu+vn/dABWaDv607+wZEHPG2ZnW3WJADl2d7Pk3IaQZRP9Q==
  dependencies:
    "@lexical/clipboard" "^0.44.0"
    "@lexical/code" "^0.44.0"
    "@lexical/extension" "^0.44.0"
    "@lexical/history" "^0.44.0"
    "@lexical/html" "^0.44.0"
    "@lexical/link" "^0.44.0"
    "@lexical/list" "^0.44.0"
    "@lexical/markdown" "^0.44.0"
    "@lexical/plain-text" "^0.44.0"
    "@lexical/rich-text" "^0.44.0"
    "@lexical/selection" "^0.44.0"
    "@lexical/table" "^0.44.0"
    "@lexical/utils" "^0.44.0"
    dompurify "^3.3.0"
    lexical "^0.44.0"
    marked "^16.4.1"
    prismjs "^1.30.0"

"@esbuild/aix-ppc64@0.28.0":
  version "0.28.0"
  resolved "https://registry.yarnpkg.com/@esbuild/aix-ppc64/-/aix-ppc64-0.28.0.tgz#7a289c158e29cbf59ea0afc83cc80f06d1c89402"
  integrity sha512-lhRUCeuOyJQURhTxl4WkpFTjIsbDayJHih5kZC1giwE+MhIzAb7mEsQMqMf18rHLsrb5qI1tafG20mLxEWcWlA==

"@esbuild/android-arm64@0.28.0":
  version "0.28.0"
  resolved "https://registry.yarnpkg.com/@esbuild/android-arm64/-/android-arm64-0.28.0.tgz#b8828d9edfa3a92660644eb8de6e4f3c203d7b17"
  integrity sha512-+WzIXQOSaGs33tLEgYPYe/yQHf0WTU0X42Jca3y8NWMbUVhp7rUnw+vAsRC/QiDrdD31IszMrZy+qwPOPjd+rw==

"@esbuild/android-arm@0.28.0":
  version "0.28.0"
  resolved "https://registry.yarnpkg.com/@esbuild/android-arm/-/android-arm-0.28.0.tgz#5ec1847605e05b5dbe5df90db9ff7e3e4c58dca7"
  integrity sha512-wqh0ByljabXLKHeWXYLqoJ5jKC4XBaw6Hk08OfMrCRd2nP2ZQ5eleDZC41XHyCNgktBGYMbqnrJKq/K/lzPMSQ==

"@esbuild/android-x64@0.28.0":
  version "0.28.0"
  resolved "https://registry.yarnpkg.com/@esbuild/android-x64/-/android-x64-0.28.0.tgz#390642175b88ef82bad4cce03f8ab13fe9b1912e"
  integrity sha512-+VJggoaKhk2VNNqVL7f6S189UzShHC/mR9EE8rDdSkdpN0KflSwWY/gWjDrNxxisg8Fp1ZCD9jLMo4m0OUfeUA==

"@esbuild/darwin-arm64@0.28.0":
  version "0.28.0"
  resolved "https://registry.yarnpkg.com/@esbuild/darwin-arm64/-/darwin-arm64-0.28.0.tgz#ae45325960d5950cd6951e4f97396f4e1ff7d8d3"
  integrity sha512-0T+A9WZm+bZ84nZBtk1ckYsOvyA3x7e2Acj1KdVfV4/2tdG4fzUp91YHx+GArWLtwqp77pBXVCPn2We7Letr0Q==

"@esbuild/darwin-x64@0.28.0":
  version "0.28.0"
  resolved "https://registry.yarnpkg.com/@esbuild/darwin-x64/-/darwin-x64-0.28.0.tgz#c079247d589b6b99449659d94f06951b84bff2e4"
  integrity sha512-fyzLm/DLDl/84OCfp2f/XQ4flmORsjU7VKt8HLjvIXChJoFFOIL6pLJPH4Yhd1n1gGFF9mPwtlN5Wf82DZs+LQ==

"@esbuild/freebsd-arm64@0.28.0":
  version "0.28.0"
  resolved "https://registry.yarnpkg.com/@esbuild/freebsd-arm64/-/freebsd-arm64-0.28.0.tgz#45c456215a486593c94900297202dc11c880a37a"
  integrity sha512-l9GeW5UZBT9k9brBYI+0WDffcRxgHQD8ShN2Ur4xWq/NFzUKm3k5lsH4PdaRgb2w7mI9u61nr2gI2mLI27Nh3Q==

"@esbuild/freebsd-x64@0.28.0":
  version "0.28.0"
  resolved "https://registry.yarnpkg.com/@esbuild/freebsd-x64/-/freebsd-x64-0.28.0.tgz#0399494c1c85e4388e9b7040bd60d48f2a5b0d2c"
  integrity sha512-BXoQai/A0wPO6Es3yFJ7APCiKGc1tdAEOgeTNy3SsB491S3aHn4S4r3e976eUnPdU+NbdtmBuLncYir2tMU9Nw==

"@esbuild/linux-arm64@0.28.0":
  version "0.28.0"
  resolved "https://registry.yarnpkg.com/@esbuild/linux-arm64/-/linux-arm64-0.28.0.tgz#d6d9f09ef0de54116bf459a4d53cac7e0952fe39"
  integrity sha512-RVyzfb3FWsGA55n6WY0MEIEPURL1FcbhFE6BffZEMEekfCzCIMtB5yyDcFnVbTnwk+CLAgTujmV/Lgvih56W+A==

"@esbuild/linux-arm@0.28.0":
  version "0.28.0"
  resolved "https://registry.yarnpkg.com/@esbuild/linux-arm/-/linux-arm-0.28.0.tgz#7b42ffa84c288ae94fdc431c1b28a89e3c3b9278"
  integrity sha512-CjaaREJagqJp7iTaNQjjidaNbCKYcd4IDkzbwwxtSvjI7NZm79qiHc8HqciMddQ6CKvJT6aBd8lO9kN/ZudLlw==

"@esbuild/linux-ia32@0.28.0":
  version "0.28.0"
  resolved "https://registry.yarnpkg.com/@esbuild/linux-ia32/-/linux-ia32-0.28.0.tgz#deb15d112ed8dd605346b6b953d23a21ff81253f"
  integrity sha512-KBnSTt1kxl9x70q+ydterVdl+Cn0H18ngRMRCEQfrbqdUuntQQ0LoMZv47uB97NljZFzY6HcfqEZ2SAyIUTQBQ==

"@esbuild/linux-loong64@0.28.0":
  version "0.28.0"
  resolved "https://registry.yarnpkg.com/@esbuild/linux-loong64/-/linux-loong64-0.28.0.tgz#81fb89d07eecc79b157dea61033757726fce0ca4"
  integrity sha512-zpSlUce1mnxzgBADvxKXX5sl8aYQHo2ezvMNI8I0lbblJtp8V4odlm3Yzlj7gPyt3T8ReksE6bK+pT3WD+aJRg==

"@esbuild/linux-mips64el@0.28.0":
  version "0.28.0"
  resolved "https://registry.yarnpkg.com/@esbuild/linux-mips64el/-/linux-mips64el-0.28.0.tgz#d0e42691b3ff7af9fb2217b70fc01f343bdb62bb"
  integrity sha512-2jIfP6mmjkdmeTlsX/9vmdmhBmKADrWqN7zcdtHIeNSCH1SqIoNI63cYsjQR8J+wGa4Y5izRcSHSm8K3QWmk3w==

"@esbuild/linux-ppc64@0.28.0":
  version "0.28.0"
  resolved "https://registry.yarnpkg.com/@esbuild/linux-ppc64/-/linux-ppc64-0.28.0.tgz#389f3e5e98f17d477c467cc87136e1a076eead87"
  integrity sha512-bc0FE9wWeC0WBm49IQMPSPILRocGTQt3j5KPCA8os6VprfuJ7KD+5PzESSrJ6GmPIPJK965ZJHTUlSA6GNYEhg==

"@esbuild/linux-riscv64@0.28.0":
  version "0.28.0"
  resolved "https://registry.yarnpkg.com/@esbuild/linux-riscv64/-/linux-riscv64-0.28.0.tgz#763bd60d59b242be12da1e67d5729f3024c605fa"
  integrity sha512-SQPZOwoTTT/HXFXQJG/vBX8sOFagGqvZyXcgLA3NhIqcBv1BJU1d46c0rGcrij2B56Z2rNiSLaZOYW5cUk7yLQ==

"@esbuild/linux-s390x@0.28.0":
  version "0.28.0"
  resolved "https://registry.yarnpkg.com/@esbuild/linux-s390x/-/linux-s390x-0.28.0.tgz#aac6061634872e4677de693bce8030d73b1fd055"
  integrity sha512-SCfR0HN8CEEjnYnySJTd2cw0k9OHB/YFzt5zgJEwa+wL/T/raGWYMBqwDNAC6dqFKmJYZoQBRfHjgwLHGSrn3Q==

"@esbuild/linux-x64@0.28.0":
  version "0.28.0"
  resolved "https://registry.yarnpkg.com/@esbuild/linux-x64/-/linux-x64-0.28.0.tgz#4f2917747188fe77632bcec65b2d84b422419779"
  integrity sha512-us0dSb9iFxIi8srnpl931Nvs65it/Jd2a2K3qs7fz2WfGPHqzfzZTfec7oxZJRNPXPnNYZtanmRc4AL/JwVzHQ==

"@esbuild/netbsd-arm64@0.28.0":
  version "0.28.0"
  resolved "https://registry.yarnpkg.com/@esbuild/netbsd-arm64/-/netbsd-arm64-0.28.0.tgz#814df0ae57a0c386814491b8397eeba82094a947"
  integrity sha512-CR/RYotgtCKwtftMwJlUU7xCVNg3lMYZ0RzTmAHSfLCXw3NtZtNpswLEj/Kkf6kEL3Gw+BpOekRX0BYCtklhUw==

"@esbuild/netbsd-x64@0.28.0":
  version "0.28.0"
  resolved "https://registry.yarnpkg.com/@esbuild/netbsd-x64/-/netbsd-x64-0.28.0.tgz#e01bdf7e60fa1a08e46d46d960b0d9bb8ac210af"
  integrity sha512-nU1yhmYutL+fQ71Kxnhg8uEOdC0pwEW9entHykTgEbna2pw2dkbFSMeqjjyHZoCmt8SBkOSvV+yNmm94aUrrqw==

"@esbuild/openbsd-arm64@0.28.0":
  version "0.28.0"
  resolved "https://registry.yarnpkg.com/@esbuild/openbsd-arm64/-/openbsd-arm64-0.28.0.tgz#4a15c36aacca68d2d5a4c90b710c06759f4c1ffa"
  integrity sha512-cXb5vApOsRsxsEl4mcZ1XY3D4DzcoMxR/nnc4IyqYs0rTI8ZKmW6kyyg+11Z8yvgMfAEldKzP7AdP64HnSC/6g==

"@esbuild/openbsd-x64@0.28.0":
  version "0.28.0"
  resolved "https://registry.yarnpkg.com/@esbuild/openbsd-x64/-/openbsd-x64-0.28.0.tgz#475e6101498a8ecce3008d7c388111d7a27c17bd"
  integrity sha512-8wZM2qqtv9UP3mzy7HiGYNH/zjTA355mpeuA+859TyR+e+Tc08IHYpLJuMsfpDJwoLo1ikIJI8jC3GFjnRClzA==

"@esbuild/openharmony-arm64@0.28.0":
  version "0.28.0"
  resolved "https://registry.yarnpkg.com/@esbuild/openharmony-arm64/-/openharmony-arm64-0.28.0.tgz#cfdc3957f0b7a69f1bde129aad17fcc2f6fa033e"
  integrity sha512-FLGfyizszcef5C3YtoyQDACyg95+dndv79i2EekILBofh5wpCa1KuBqOWKrEHZg3zrL3t5ouE5jgr94vA+Wb2w==

"@esbuild/sunos-x64@0.28.0":
  version "0.28.0"
  resolved "https://registry.yarnpkg.com/@esbuild/sunos-x64/-/sunos-x64-0.28.0.tgz#a013c856fecacd1c3aec985c8afe1d1cb017497d"
  integrity sha512-1ZgjUoEdHZZl/YlV76TSCz9Hqj9h9YmMGAgAPYd+q4SicWNX3G5GCyx9uhQWSLcbvPW8Ni7lj4gDa1T40akdlw==

"@esbuild/win32-arm64@0.28.0":
  version "0.28.0"
  resolved "https://registry.yarnpkg.com/@esbuild/win32-arm64/-/win32-arm64-0.28.0.tgz#eae05e0f35271cad3898b43168d3e9a3bbaf47e5"
  integrity sha512-Q9StnDmQ/enxnpxCCLSg0oo4+34B9TdXpuyPeTedN/6+iXBJ4J+zwfQI28u/Jl40nOYAxGoNi7mFP40RUtkmUA==

"@esbuild/win32-ia32@0.28.0":
  version "0.28.0"
  resolved "https://registry.yarnpkg.com/@esbuild/win32-ia32/-/win32-ia32-0.28.0.tgz#06161ebc5bf75c08d69feb3c6b22560515913998"
  integrity sha512-zF3ag/gfiCe6U2iczcRzSYJKH1DCI+ByzSENHlM2FcDbEeo5Zd2C86Aq0tKUYAJJ1obRP84ymxIAksZUcdztHA==

"@esbuild/win32-x64@0.28.0":
  version "0.28.0"
  resolved "https://registry.yarnpkg.com/@esbuild/win32-x64/-/win32-x64-0.28.0.tgz#04d90d5752b4ce65d2b6ac25eba08ff7624fe07c"
  integrity sha512-pEl1bO9mfAmIC+tW5btTmrKaujg3zGtUmWNdCw/xs70FBjwAL3o9OEKNHvNmnyylD6ubxUERiEhdsL0xBQ9efw==

"@hotwired/stimulus@^3.2.2":
  version "3.2.2"
  resolved "https://registry.yarnpkg.com/@hotwired/stimulus/-/stimulus-3.2.2.tgz#071aab59c600fed95b97939e605ff261a4251608"
  integrity sha512-eGeIqNOQpXoPAIP7tC1+1Yc1yl1xnwYqg+3mzqxyrbE5pg5YFBZcA6YoTiByJB6DKAEsiWtl6tjTJS4IYtbB7A==

"@hotwired/turbo-rails@^8.0.23":
  version "8.0.23"
  resolved "https://registry.yarnpkg.com/@hotwired/turbo-rails/-/turbo-rails-8.0.23.tgz#7a84ad041cb0f3e5d9ff97d1a1f0291550a93fc9"
  integrity sha512-iBILwda3qmQC7FYM70+4s6kEQ7Fx9dJ6+yGxjPyrz9a5JDx1+y7OAA5TA7GGVOZJoicMLrKGdFDNorl40X35lw==
  dependencies:
    "@hotwired/turbo" "^8.0.23"
    "@rails/actioncable" ">=7.0"

"@hotwired/turbo@^8.0.23":
  version "8.0.23"
  resolved "https://registry.yarnpkg.com/@hotwired/turbo/-/turbo-8.0.23.tgz#a6eebc9ab4a5faadae265a4cbec8cfcb5731e77c"
  integrity sha512-GZ7cijxEZ6Ig71u7rD6LHaRv/wcE/hNsc+nEfiWOkLNqUgLOwo5MNGWOy5ZV9ZUDSiQx1no7YxjTNnT4O6//cQ==

"@lexical/clipboard@0.44.0", "@lexical/clipboard@^0.44.0":
  version "0.44.0"
  resolved "https://registry.yarnpkg.com/@lexical/clipboard/-/clipboard-0.44.0.tgz#4ad435879cd7ca53ae9b0cd51f44d91bfe4fe266"
  integrity sha512-nfmNIs7uENqlDI7cm2E4I1Yp8mDJGMhEQIrIV2rNWnL1oeHVXQ7yuYdyoPdcY1zuj/9nvkYBQYUEh0QiGwpETA==
  dependencies:
    "@lexical/extension" "0.44.0"
    "@lexical/html" "0.44.0"
    "@lexical/list" "0.44.0"
    "@lexical/selection" "0.44.0"
    "@lexical/utils" "0.44.0"
    "@types/trusted-types" "^2.0.7"
    lexical "0.44.0"

"@lexical/code-core@0.44.0":
  version "0.44.0"
  resolved "https://registry.yarnpkg.com/@lexical/code-core/-/code-core-0.44.0.tgz#a73a30e31de687b25c8856c4d6135dbc926cef9e"
  integrity sha512-m57JyXTIvW1tsqw/Vuogk8jqWCZZIeFQbWybRc46ytR8ReDgzPRODpN8+dacIIeRH5yC5UC3lAa743mtdNkxqg==
  dependencies:
    "@lexical/extension" "0.44.0"
    lexical "0.44.0"

"@lexical/code-prism@0.44.0":
  version "0.44.0"
  resolved "https://registry.yarnpkg.com/@lexical/code-prism/-/code-prism-0.44.0.tgz#03a867e83b5a567fc6c9b7323255e6da38f2096f"
  integrity sha512-E8hmosuviwDfZqNyFKf2Vym8lV4shRFRHsRgYHzA3UCp88OqsxcSpyIwZk276khvJ2Zd4DupqJht/h+djezO4Q==
  dependencies:
    "@lexical/code-core" "0.44.0"
    "@lexical/extension" "0.44.0"
    lexical "0.44.0"
    prismjs "^1.30.0"

"@lexical/code@^0.44.0":
  version "0.44.0"
  resolved "https://registry.yarnpkg.com/@lexical/code/-/code-0.44.0.tgz#7c06ad01f652151efe25b37059452a4833200e97"
  integrity sha512-d2rZUlGC8noGn/XbVrPyPZ86gYKT5a1DdsCSYIWnw/aqAs9G0xaIBcV9ABH+9cUS9fY5GDHaKTllHKIA8VRAxQ==
  dependencies:
    "@lexical/code-core" "0.44.0"
    "@lexical/code-prism" "0.44.0"
    "@lexical/extension" "0.44.0"
    lexical "0.44.0"

"@lexical/dragon@0.44.0":
  version "0.44.0"
  resolved "https://registry.yarnpkg.com/@lexical/dragon/-/dragon-0.44.0.tgz#13d5de5aaa82e408256850064dadef2e8c97bfd1"
  integrity sha512-RhlsjVDket9k1+YFEkDE0/7Qyrh2BI0vxBMzrWwPJTXX/4YFanYN9su8RSabkIukBBJ3QiNOOoC8FKK4Lkr4qg==
  dependencies:
    "@lexical/extension" "0.44.0"
    lexical "0.44.0"

"@lexical/extension@0.44.0", "@lexical/extension@^0.44.0":
  version "0.44.0"
  resolved "https://registry.yarnpkg.com/@lexical/extension/-/extension-0.44.0.tgz#94ca1d7812931dde7fbd3fb1f38a5b19804da418"
  integrity sha512-BsYtoc+0EU0pqcOpf/lIUDU6LQVO6zX2AawZoUWJzT3Wzfov23qsqZWvl2WGM9dnRTN5iISJL3Fl53bQVxiXxw==
  dependencies:
    "@lexical/utils" "0.44.0"
    "@preact/signals-core" "^1.14.1"
    lexical "0.44.0"

"@lexical/history@^0.44.0":
  version "0.44.0"
  resolved "https://registry.yarnpkg.com/@lexical/history/-/history-0.44.0.tgz#40c2ebc8e6655c334acc8d6a6b99332fc78b5440"
  integrity sha512-RGXcbFTgYL1GIWaReBI26mNSsJTfiA9EAtDY4LBeZ14NrIQhYNokKgNiOxq5Bn8xXrl2+mawQEqoMfgpWp/5YA==
  dependencies:
    "@lexical/extension" "0.44.0"
    "@lexical/utils" "0.44.0"
    lexical "0.44.0"

"@lexical/html@0.44.0", "@lexical/html@^0.44.0":
  version "0.44.0"
  resolved "https://registry.yarnpkg.com/@lexical/html/-/html-0.44.0.tgz#056b31e0a53992425fd06bf237ec3e2398dcf0ef"
  integrity sha512-5X6eGsgwtqPxABsuShUxF7ZfyB/U4GwSEyeonvwH1Vc/5Q2uQVjlB+FAYd+MNwWMHMh4d4+yZ3l70AtIuhr5eg==
  dependencies:
    "@lexical/extension" "0.44.0"
    "@lexical/selection" "0.44.0"
    "@lexical/utils" "0.44.0"
    lexical "0.44.0"

"@lexical/link@0.44.0", "@lexical/link@^0.44.0":
  version "0.44.0"
  resolved "https://registry.yarnpkg.com/@lexical/link/-/link-0.44.0.tgz#1284a79ceedc6e7d9d22df195886f1fe4c3a8449"
  integrity sha512-uvEqEol/mLEzGVQd8Rok9I48RgYPKokM/nsclI9nYcEdccVOM2Nri4ntoRwodhbccFLtjMPl8OBldwXbfc77tQ==
  dependencies:
    "@lexical/extension" "0.44.0"
    "@lexical/utils" "0.44.0"
    lexical "0.44.0"

"@lexical/list@0.44.0", "@lexical/list@^0.44.0":
  version "0.44.0"
  resolved "https://registry.yarnpkg.com/@lexical/list/-/list-0.44.0.tgz#c263d806d8935206f49f71a8a2283143a80f9b14"
  integrity sha512-ZTCWxDz1okPrC9FBXi1yV3W5fbQQeMUlFIcSVF9HibcVPmCsPa900IxthuiQbGiTycUyXDTOB3IUYRtlJNtpjw==
  dependencies:
    "@lexical/extension" "0.44.0"
    "@lexical/utils" "0.44.0"
    lexical "0.44.0"

"@lexical/markdown@^0.44.0":
  version "0.44.0"
  resolved "https://registry.yarnpkg.com/@lexical/markdown/-/markdown-0.44.0.tgz#81095d0e14003d48c90a65f65a70a00dc9f6735e"
  integrity sha512-DwlXdp85pYMo3exDF6W3iz8plpuP+RQ4Me4Iljm7O5aPDp0SSrIoZxyX4zS668mVAoz5HHj1Ka0kQkft8mq26Q==
  dependencies:
    "@lexical/code-core" "0.44.0"
    "@lexical/link" "0.44.0"
    "@lexical/list" "0.44.0"
    "@lexical/rich-text" "0.44.0"
    "@lexical/text" "0.44.0"
    "@lexical/utils" "0.44.0"
    lexical "0.44.0"

"@lexical/plain-text@^0.44.0":
  version "0.44.0"
  resolved "https://registry.yarnpkg.com/@lexical/plain-text/-/plain-text-0.44.0.tgz#6bd80c781994124ff259d736dc7c6a9f7b1abada"
  integrity sha512-bIV4Lljk0x70zFhkZIwzSPK5q3m9FpDisjGm2/3Q/chb+5BW3Tv8QJmqnpCiSO6S2KXO7gfSy81ZfkQ1dcd4EQ==
  dependencies:
    "@lexical/clipboard" "0.44.0"
    "@lexical/dragon" "0.44.0"
    "@lexical/selection" "0.44.0"
    "@lexical/utils" "0.44.0"
    lexical "0.44.0"

"@lexical/rich-text@0.44.0", "@lexical/rich-text@^0.44.0":
  version "0.44.0"
  resolved "https://registry.yarnpkg.com/@lexical/rich-text/-/rich-text-0.44.0.tgz#4064bede8d197787133bd5d42774dc8f2c8cad79"
  integrity sha512-IIdrutK5GY47ITjPlZB7KzUi9dBDwygsyFOwolnrYSL7m6TtGhAqrYiFg/YNOTT/nBzK3KQeCJRbnxpjJAVZtQ==
  dependencies:
    "@lexical/clipboard" "0.44.0"
    "@lexical/dragon" "0.44.0"
    "@lexical/selection" "0.44.0"
    "@lexical/utils" "0.44.0"
    lexical "0.44.0"

"@lexical/selection@0.44.0", "@lexical/selection@^0.44.0":
  version "0.44.0"
  resolved "https://registry.yarnpkg.com/@lexical/selection/-/selection-0.44.0.tgz#3f957581a5106fb46c7efca44ef9b8cac11fc743"
  integrity sha512-AEyeZJFFr5YRLeqVR+X0QAW19c4Fk4MFAQu52z2gxAyDGTj9xwVJxjfepVpfUp4P9K+sPtJ/yaqfMXH506ksSQ==
  dependencies:
    lexical "0.44.0"

"@lexical/table@^0.44.0":
  version "0.44.0"
  resolved "https://registry.yarnpkg.com/@lexical/table/-/table-0.44.0.tgz#81d3c8b21209915dc831b9cdd70ee157043fa25d"
  integrity sha512-5Uq0O/fBCxcZp9y17fXUONY7dU9lVo/mB5JHy23laIiKzBKP5IzzTLMU9ikZTppIXbMNxYXd+R2pmy7PYTLyvw==
  dependencies:
    "@lexical/clipboard" "0.44.0"
    "@lexical/extension" "0.44.0"
    "@lexical/utils" "0.44.0"
    lexical "0.44.0"

"@lexical/text@0.44.0":
  version "0.44.0"
  resolved "https://registry.yarnpkg.com/@lexical/text/-/text-0.44.0.tgz#93112f51f7bd5675f4d5bca5f188940ea03d0513"
  integrity sha512-1XJD8ZbwaXljTl8k4+jjiopdhnYZm26IJw9Gv8+cIThVC0b6B3JZ/WxH97BMDcSloKvWHFkGiPztxRwNwA29Rw==
  dependencies:
    lexical "0.44.0"

"@lexical/utils@0.44.0", "@lexical/utils@^0.44.0":
  version "0.44.0"
  resolved "https://registry.yarnpkg.com/@lexical/utils/-/utils-0.44.0.tgz#c03956a2966f7a52d2e0af046faee22844a7fce9"
  integrity sha512-/D2ptztNevfBJgtkj4uaiYBeRcvSy+1mQj6pNYaCFZIoPJIwl6H5fXwWAvpvr11vcQKP9DEEoXR+V4qkMOA+EA==
  dependencies:
    "@lexical/selection" "0.44.0"
    lexical "0.44.0"

"@preact/signals-core@^1.14.1":
  version "1.14.2"
  resolved "https://registry.yarnpkg.com/@preact/signals-core/-/signals-core-1.14.2.tgz#6ccbc1342a52f1175b9e1d9aef67e2cf0ab6d4f0"
  integrity sha512-RZHdBj9ZF4n40Rp4jS052EHHjBWf96P9oNdXPfhQTovCuWY9iQn3Gq+gOTJSgBO9A/JBuPfMOWsSX/lIU9Pc/A==

"@rails/actioncable@>=7.0":
  version "8.1.300"
  resolved "https://registry.yarnpkg.com/@rails/actioncable/-/actioncable-8.1.300.tgz#bfd50813be0225a0403bddb11e8ba9a00b1fb135"
  integrity sha512-zOENQsq3NM2jyBY6Z2qtZa3V/R/6OEqA+LGKixQbBMl7kk/J3FXDRcszPe74LsHNgB01jCl/DXu/xA8sHt4I/g==

"@rails/activestorage@^8.1.300":
  version "8.1.300"
  resolved "https://registry.yarnpkg.com/@rails/activestorage/-/activestorage-8.1.300.tgz#624a6f291e0414c07c3d02ed3d1e6ee85c94277b"
  integrity sha512-AOv3zZrTJjQlzm4L9uzOQtCz6zaM4IqUyux6yzSqmS+PZ8EzwD1F2JAc4LlJNJAv4MSyNYriG+CaCm1QbQTjsA==
  dependencies:
    spark-md5 "^3.0.1"

"@types/trusted-types@^2.0.7":
  version "2.0.7"
  resolved "https://registry.yarnpkg.com/@types/trusted-types/-/trusted-types-2.0.7.tgz#baccb07a970b91707df3a3e8ba6896c57ead2d11"
  integrity sha512-ScaPdn1dQczgbl0QFTeTOmVHFULt394XJgOQNoyVhZ6r2vLnMLJfBPd53SB52T/3G36VI1/g2MZaX0cwDuXsfw==

dompurify@^3.3.0:
  version "3.4.8"
  resolved "https://registry.yarnpkg.com/dompurify/-/dompurify-3.4.8.tgz#6c54f8c207160e7f83fcb7f4fd05a82ac36b1cdc"
  integrity sha512-yb1cEmaOum7wFvOCSQxyfgVlv5D47Rc30iZWoMpbDIWTnJ6grDDQyu2KFJzB2k7u0pMuJcQ1zphH//fFnw2tjQ==
  optionalDependencies:
    "@types/trusted-types" "^2.0.7"

esbuild@^0.28.0:
  version "0.28.0"
  resolved "https://registry.yarnpkg.com/esbuild/-/esbuild-0.28.0.tgz#5dee347ffb3e3874212a35a69836b077b1ce6d96"
  integrity sha512-sNR9MHpXSUV/XB4zmsFKN+QgVG82Cc7+/aaxJ8Adi8hyOac+EXptIp45QBPaVyX3N70664wRbTcLTOemCAnyqw==
  optionalDependencies:
    "@esbuild/aix-ppc64" "0.28.0"
    "@esbuild/android-arm" "0.28.0"
    "@esbuild/android-arm64" "0.28.0"
    "@esbuild/android-x64" "0.28.0"
    "@esbuild/darwin-arm64" "0.28.0"
    "@esbuild/darwin-x64" "0.28.0"
    "@esbuild/freebsd-arm64" "0.28.0"
    "@esbuild/freebsd-x64" "0.28.0"
    "@esbuild/linux-arm" "0.28.0"
    "@esbuild/linux-arm64" "0.28.0"
    "@esbuild/linux-ia32" "0.28.0"
    "@esbuild/linux-loong64" "0.28.0"
    "@esbuild/linux-mips64el" "0.28.0"
    "@esbuild/linux-ppc64" "0.28.0"
    "@esbuild/linux-riscv64" "0.28.0"
    "@esbuild/linux-s390x" "0.28.0"
    "@esbuild/linux-x64" "0.28.0"
    "@esbuild/netbsd-arm64" "0.28.0"
    "@esbuild/netbsd-x64" "0.28.0"
    "@esbuild/openbsd-arm64" "0.28.0"
    "@esbuild/openbsd-x64" "0.28.0"
    "@esbuild/openharmony-arm64" "0.28.0"
    "@esbuild/sunos-x64" "0.28.0"
    "@esbuild/win32-arm64" "0.28.0"
    "@esbuild/win32-ia32" "0.28.0"
    "@esbuild/win32-x64" "0.28.0"

lexical@0.44.0, lexical@^0.44.0:
  version "0.44.0"
  resolved "https://registry.yarnpkg.com/lexical/-/lexical-0.44.0.tgz#9abf27343e82755e291057b9ed805128a92592c4"
  integrity sha512-ReDUjRlFgkGoPWzvdjr7s16PUVpHATN+2NH2NiZs+PLlISTaIFFgKil2P467oP3Vg+XgmpDsUgmWZsFJTztYjg==

marked@^16.4.1:
  version "16.4.2"
  resolved "https://registry.yarnpkg.com/marked/-/marked-16.4.2.tgz#4959a64be6c486f0db7467ead7ce288de54290a3"
  integrity sha512-TI3V8YYWvkVf3KJe1dRkpnjs68JUPyEa5vjKrp1XEEJUAOaQc+Qj+L1qWbPd0SJuAdQkFU0h73sXXqwDYxsiDA==

prismjs@^1.30.0:
  version "1.30.0"
  resolved "https://registry.yarnpkg.com/prismjs/-/prismjs-1.30.0.tgz#d9709969d9d4e16403f6f348c63553b19f0975a9"
  integrity sha512-DEvV2ZF2r2/63V+tK8hQvrR2ZGn10srHbXviTlcv7Kpzw8jWiNTqbVgjO3IY8RxrrOUF8VPMQQFysYYYv0YZxw==

spark-md5@^3.0.1:
  version "3.0.2"
  resolved "https://registry.yarnpkg.com/spark-md5/-/spark-md5-3.0.2.tgz#7952c4a30784347abcee73268e473b9c0167e3fc"
  integrity sha512-wcFzz9cDfbuqe0FZzfi2or1sgyIrsDwmPwfZC4hiNidPdPINjeUwNfv5kldczoEAcjl9Y1L3SM7Uz2PUEQzxQw==
